
Microsoft Visual Studio Solution File, Format Version 12.00
# Visual Studio Version 16
VisualStudioVersion = 16.0.29001.49
MinimumVisualStudioVersion = 10.0.40219.1
Project("{FAE04EC0-301F-11D3-BF4B-00C04F79EFBC}") = "Peliculas", "Peliculas\Peliculas.csproj", "{045A04DE-6D36-4517-8DE7-85669B4F8BD1}"
EndProject
Global
	GlobalSection(SolutionConfigurationPlatforms) = preSolution
		Debug|Any CPU = Debug|Any CPU
		Release|Any CPU = Release|Any CPU
	EndGlobalSection
	GlobalSection(ProjectConfigurationPlatforms) = postSolution
		{045A04DE-6D36-4517-8DE7-85669B4F8BD1}.Debug|Any CPU.ActiveCfg = Debug|Any CPU
		{045A04DE-6D36-4517-8DE7-85669B4F8BD1}.Debug|Any CPU.Build.0 = Debug|Any CPU
		{045A04DE-6D36-4517-8DE7-85669B4F8BD1}.Release|Any CPU.ActiveCfg = Release|Any CPU
		{045A04DE-6D36-4517-8DE7-85669B4F8BD1}.Release|Any CPU.Build.0 = Release|Any CPU
	EndGlobalSection
	GlobalSection(SolutionProperties) = preSolution
		HideSolutionNode = FALSE
	EndGlobalSection
	GlobalSection(ExtensibilityGlobals) = postSolution
		SolutionGuid = {690ABAF8-CD9D-43CC-B65A-6BFF9EE15253}
	EndGlobalSection
EndGlobal
